
Microsoft Visual Studio Solution File, Format Version 12.00
# Visual Studio Version 17
VisualStudioVersion = 17.14.36603.0 d17.14
MinimumVisualStudioVersion = 10.0.40219.1
Project("{FAE04EC0-301F-11D3-BF4B-00C04F79EFBC}") = "StringAnalyzer", "StringAnalyzer.csproj", "{D9D94E48-27EC-4B67-A6BC-A213B5044698}"
EndProject
Global
	GlobalSection(SolutionConfigurationPlatforms) = preSolution
		Debug|Any CPU = Debug|Any CPU
		Release|Any CPU = Release|Any CPU
	EndGlobalSection
	GlobalSection(ProjectConfigurationPlatforms) = postSolution
		{D9D94E48-27EC-4B67-A6BC-A213B5044698}.Debug|Any CPU.ActiveCfg = Debug|Any CPU
		{D9D94E48-27EC-4B67-A6BC-A213B5044698}.Debug|Any CPU.Build.0 = Debug|Any CPU
		{D9D94E48-27EC-4B67-A6BC-A213B5044698}.Release|Any CPU.ActiveCfg = Release|Any CPU
		{D9D94E48-27EC-4B67-A6BC-A213B5044698}.Release|Any CPU.Build.0 = Release|Any CPU
	EndGlobalSection
	GlobalSection(SolutionProperties) = preSolution
		HideSolutionNode = FALSE
	EndGlobalSection
	GlobalSection(ExtensibilityGlobals) = postSolution
		SolutionGuid = {8BFC4126-12BD-4726-AF38-8C13417D3E6C}
	EndGlobalSection
EndGlobal
